
Microsoft Visual Studio Solution File, Format Version 12.00
# Visual Studio Version 16
VisualStudioVersion = 16.0.29326.143
MinimumVisualStudioVersion = 10.0.40219.1
Project("{FAE04EC0-301F-11D3-BF4B-00C04F79EFBC}") = "Additional Task", "Additional Task\Additional Task.csproj", "{DC60239B-95B8-4E1D-B98E-3B201DFEA61A}"
EndProject
Project("{FAE04EC0-301F-11D3-BF4B-00C04F79EFBC}") = "Task2", "Task2\Task2.csproj", "{6D23D3C5-208E-4B8F-AE01-775D43C5A8D6}"
EndProject
Global
	GlobalSection(SolutionConfigurationPlatforms) = preSolution
		Debug|Any CPU = Debug|Any CPU
		Release|Any CPU = Release|Any CPU
	EndGlobalSection
	GlobalSection(ProjectConfigurationPlatforms) = postSolution
		{DC60239B-95B8-4E1D-B98E-3B201DFEA61A}.Debug|Any CPU.ActiveCfg = Debug|Any CPU
		{DC60239B-95B8-4E1D-B98E-3B201DFEA61A}.Debug|Any CPU.Build.0 = Debug|Any CPU
		{DC60239B-95B8-4E1D-B98E-3B201DFEA61A}.Release|Any CPU.ActiveCfg = Release|Any CPU
		{DC60239B-95B8-4E1D-B98E-3B201DFEA61A}.Release|Any CPU.Build.0 = Release|Any CPU
		{6D23D3C5-208E-4B8F-AE01-775D43C5A8D6}.Debug|Any CPU.ActiveCfg = Debug|Any CPU
		{6D23D3C5-208E-4B8F-AE01-775D43C5A8D6}.Debug|Any CPU.Build.0 = Debug|Any CPU
		{6D23D3C5-208E-4B8F-AE01-775D43C5A8D6}.Release|Any CPU.ActiveCfg = Release|Any CPU
		{6D23D3C5-208E-4B8F-AE01-775D43C5A8D6}.Release|Any CPU.Build.0 = Release|Any CPU
	EndGlobalSection
	GlobalSection(SolutionProperties) = preSolution
		HideSolutionNode = FALSE
	EndGlobalSection
	GlobalSection(ExtensibilityGlobals) = postSolution
		SolutionGuid = {935922CE-C6EF-4C53-A3A9-86A4146DF376}
	EndGlobalSection
EndGlobal
