
Microsoft Visual Studio Solution File, Format Version 12.00
# Visual Studio Version 16
VisualStudioVersion = 16.0.29924.181
MinimumVisualStudioVersion = 10.0.40219.1
Project("{FAE04EC0-301F-11D3-BF4B-00C04F79EFBC}") = "Additional Task", "Additional Task\Additional Task.csproj", "{F77AEB11-F367-4C8F-A9AD-5827C5364051}"
EndProject
Project("{FAE04EC0-301F-11D3-BF4B-00C04F79EFBC}") = "Task2", "Task2\Task2.csproj", "{A02FC37C-490C-4B38-9FE5-C2521BBAFE0E}"
EndProject
Project("{FAE04EC0-301F-11D3-BF4B-00C04F79EFBC}") = "Task3", "Task3\Task3.csproj", "{B99966D4-4A64-4A1F-A12D-6DD0FAF8B05C}"
EndProject
Global
	GlobalSection(SolutionConfigurationPlatforms) = preSolution
		Debug|Any CPU = Debug|Any CPU
		Release|Any CPU = Release|Any CPU
	EndGlobalSection
	GlobalSection(ProjectConfigurationPlatforms) = postSolution
		{F77AEB11-F367-4C8F-A9AD-5827C5364051}.Debug|Any CPU.ActiveCfg = Debug|Any CPU
		{F77AEB11-F367-4C8F-A9AD-5827C5364051}.Debug|Any CPU.Build.0 = Debug|Any CPU
		{F77AEB11-F367-4C8F-A9AD-5827C5364051}.Release|Any CPU.ActiveCfg = Release|Any CPU
		{F77AEB11-F367-4C8F-A9AD-5827C5364051}.Release|Any CPU.Build.0 = Release|Any CPU
		{A02FC37C-490C-4B38-9FE5-C2521BBAFE0E}.Debug|Any CPU.ActiveCfg = Debug|Any CPU
		{A02FC37C-490C-4B38-9FE5-C2521BBAFE0E}.Debug|Any CPU.Build.0 = Debug|Any CPU
		{A02FC37C-490C-4B38-9FE5-C2521BBAFE0E}.Release|Any CPU.ActiveCfg = Release|Any CPU
		{A02FC37C-490C-4B38-9FE5-C2521BBAFE0E}.Release|Any CPU.Build.0 = Release|Any CPU
		{B99966D4-4A64-4A1F-A12D-6DD0FAF8B05C}.Debug|Any CPU.ActiveCfg = Debug|Any CPU
		{B99966D4-4A64-4A1F-A12D-6DD0FAF8B05C}.Debug|Any CPU.Build.0 = Debug|Any CPU
		{B99966D4-4A64-4A1F-A12D-6DD0FAF8B05C}.Release|Any CPU.ActiveCfg = Release|Any CPU
		{B99966D4-4A64-4A1F-A12D-6DD0FAF8B05C}.Release|Any CPU.Build.0 = Release|Any CPU
	EndGlobalSection
	GlobalSection(SolutionProperties) = preSolution
		HideSolutionNode = FALSE
	EndGlobalSection
	GlobalSection(ExtensibilityGlobals) = postSolution
		SolutionGuid = {2C9E6B00-8BC5-44AF-A3E9-80FF73DD7205}
	EndGlobalSection
EndGlobal
