
Microsoft Visual Studio Solution File, Format Version 12.00
# Visual Studio Version 16
VisualStudioVersion = 16.0.29319.158
MinimumVisualStudioVersion = 10.0.40219.1
Project("{FAE04EC0-301F-11D3-BF4B-00C04F79EFBC}") = "Additional Task", "Additional Task\Additional Task.csproj", "{F6FADC2E-B6E9-45DF-96DA-8B12C78AAA4A}"
EndProject
Project("{FAE04EC0-301F-11D3-BF4B-00C04F79EFBC}") = "Task2", "Task2\Task2.csproj", "{A3FF823E-3B74-4A5D-A013-BD192516CCF6}"
EndProject
Project("{FAE04EC0-301F-11D3-BF4B-00C04F79EFBC}") = "Task3", "Task3\Task3.csproj", "{01790EC9-A2F1-4DD1-910B-33116A8F3412}"
EndProject
Global
	GlobalSection(SolutionConfigurationPlatforms) = preSolution
		Debug|Any CPU = Debug|Any CPU
		Release|Any CPU = Release|Any CPU
	EndGlobalSection
	GlobalSection(ProjectConfigurationPlatforms) = postSolution
		{F6FADC2E-B6E9-45DF-96DA-8B12C78AAA4A}.Debug|Any CPU.ActiveCfg = Debug|Any CPU
		{F6FADC2E-B6E9-45DF-96DA-8B12C78AAA4A}.Debug|Any CPU.Build.0 = Debug|Any CPU
		{F6FADC2E-B6E9-45DF-96DA-8B12C78AAA4A}.Release|Any CPU.ActiveCfg = Release|Any CPU
		{F6FADC2E-B6E9-45DF-96DA-8B12C78AAA4A}.Release|Any CPU.Build.0 = Release|Any CPU
		{A3FF823E-3B74-4A5D-A013-BD192516CCF6}.Debug|Any CPU.ActiveCfg = Debug|Any CPU
		{A3FF823E-3B74-4A5D-A013-BD192516CCF6}.Debug|Any CPU.Build.0 = Debug|Any CPU
		{A3FF823E-3B74-4A5D-A013-BD192516CCF6}.Release|Any CPU.ActiveCfg = Release|Any CPU
		{A3FF823E-3B74-4A5D-A013-BD192516CCF6}.Release|Any CPU.Build.0 = Release|Any CPU
		{01790EC9-A2F1-4DD1-910B-33116A8F3412}.Debug|Any CPU.ActiveCfg = Debug|Any CPU
		{01790EC9-A2F1-4DD1-910B-33116A8F3412}.Debug|Any CPU.Build.0 = Debug|Any CPU
		{01790EC9-A2F1-4DD1-910B-33116A8F3412}.Release|Any CPU.ActiveCfg = Release|Any CPU
		{01790EC9-A2F1-4DD1-910B-33116A8F3412}.Release|Any CPU.Build.0 = Release|Any CPU
	EndGlobalSection
	GlobalSection(SolutionProperties) = preSolution
		HideSolutionNode = FALSE
	EndGlobalSection
	GlobalSection(ExtensibilityGlobals) = postSolution
		SolutionGuid = {3F9C5773-CE9A-490D-8142-A6DC13325318}
	EndGlobalSection
EndGlobal
